// !$*UTF8*$!
{
	archiveVersion = 1;
	classes = {
	};
	objectVersion = 56;
	objects = {

/* Begin PBXBuildFile section */
		BEB69A256FDB4EEE851CAF6D /* KimiBar.app in Products */ = {isa = PBXBuildFile; fileRef = D44CECE74D174CC298CE6FE7; };
		0C489D06D649421680AD66D7 /* KimiBarApp.swift in Sources */ = {isa = PBXBuildFile; fileRef = 2EF9AB1130A844A89CE0075C; };
		FFAC0CE5E70E4F17AAD3B902 /* KimiQuotaService.swift in Sources */ = {isa = PBXBuildFile; fileRef = 02F47923DD8C405BB3237AE1; };
		2ACCAAC36EA5468998428B73 /* Assets.xcassets in Resources */ = {isa = PBXBuildFile; fileRef = 510792D7AE86479585E4504C; };
/* End PBXBuildFile section */

/* Begin PBXFileReference section */
		D44CECE74D174CC298CE6FE7 /* KimiBar.app */ = {isa = PBXFileReference; explicitFileType = wrapper.application; includeInIndex = 0; path = KimiBar.app; sourceTree = BUILT_PRODUCTS_DIR; };
		2EF9AB1130A844A89CE0075C /* KimiBarApp.swift */ = {isa = PBXFileReference; lastKnownFileType = sourcecode.swift; path = KimiBarApp.swift; sourceTree = "<group>"; };
		02F47923DD8C405BB3237AE1 /* KimiQuotaService.swift */ = {isa = PBXFileReference; lastKnownFileType = sourcecode.swift; path = KimiQuotaService.swift; sourceTree = "<group>"; };
		510792D7AE86479585E4504C /* Assets.xcassets */ = {isa = PBXFileReference; lastKnownFileType = folder.assetcatalog; path = Assets.xcassets; sourceTree = "<group>"; };
		7D9C37304A73482ABB4CDE4D /* KimiBar.entitlements */ = {isa = PBXFileReference; lastKnownFileType = text.plist.entitlements; path = KimiBar.entitlements; sourceTree = "<group>"; };
		EA0ACF1E9B564B769FE86518 /* Info.plist */ = {isa = PBXFileReference; lastKnownFileType = text.plist.xml; path = Info.plist; sourceTree = "<group>"; };
/* End PBXFileReference section */

/* Begin PBXFrameworksBuildPhase section */
		4988CB45C5AA4BAB847B68FA /* Frameworks */ = {
			isa = PBXFrameworksBuildPhase;
			buildActionMask = 2147483647;
			files = (
			);
			runOnlyForDeploymentPostprocessing = 0;
		};
/* End PBXFrameworksBuildPhase section */

/* Begin PBXGroup section */
		939F3BDDAEAC498B9399A2EA = {
			isa = PBXGroup;
			children = (
				C7D94F1C4BCD423B99040DED /* KimiBar */,
				6456A76DE5E141ED86925025 /* Products */,
			);
			sourceTree = "<group>";
		};
		6456A76DE5E141ED86925025 /* Products */ = {
			isa = PBXGroup;
			children = (
				D44CECE74D174CC298CE6FE7 /* KimiBar.app */,
			);
			name = Products;
			sourceTree = "<group>";
		};
		C7D94F1C4BCD423B99040DED /* KimiBar */ = {
			isa = PBXGroup;
			children = (
				2EF9AB1130A844A89CE0075C /* KimiBarApp.swift */,
				02F47923DD8C405BB3237AE1 /* KimiQuotaService.swift */,
				510792D7AE86479585E4504C /* Assets.xcassets */,
				7D9C37304A73482ABB4CDE4D /* KimiBar.entitlements */,
				EA0ACF1E9B564B769FE86518 /* Info.plist */,
			);
			path = KimiBar;
			sourceTree = "<group>";
		};
/* End PBXGroup section */

/* Begin PBXNativeTarget section */
		F29D4863FB954CEFB39AB0F9 /* KimiBar */ = {
			isa = PBXNativeTarget;
			buildConfigurationList = AC7D9800D5E645389FC3B470 /* Build configuration list for PBXNativeTarget "KimiBar" */;
			buildPhases = (
				82DBB4C700EC41478580F591 /* Sources */,
				4988CB45C5AA4BAB847B68FA /* Frameworks */,
				977ECFD181534B89A4FD6DB6 /* Resources */,
			);
			buildRules = (
			);
			dependencies = (
			);
			name = KimiBar;
			productName = KimiBar;
			productReference = D44CECE74D174CC298CE6FE7 /* KimiBar.app */;
			productType = "com.apple.product-type.application";
		};
/* End PBXNativeTarget section */

/* Begin PBXProject section */
		976A923F548E4143AD3AEC4D /* Project object */ = {
			isa = PBXProject;
			attributes = {
				BuildIndependentTargetsInParallel = 1;
				LastSwiftUpdateCheck = 1540;
				LastUpgradeCheck = 1540;
				TargetAttributes = {
					F29D4863FB954CEFB39AB0F9 = {
						CreatedOnToolsVersion = 15.4;
					};
				};
			};
			buildConfigurationList = D40F24D8F5FB4F7683A3287B /* Build configuration list for PBXProject "KimiBar" */;
			compatibilityVersion = "Xcode 14.0";
			developmentRegion = zhCN;
			hasScannedForEncodings = 0;
			knownRegions = (
				en,
				Base,
				zhCN,
			);
			mainGroup = 939F3BDDAEAC498B9399A2EA;
			productRefGroup = 6456A76DE5E141ED86925025 /* Products */;
			projectDirPath = "";
			projectRoot = "";
			targets = (
				F29D4863FB954CEFB39AB0F9 /* KimiBar */,
			);
		};
/* End PBXProject section */

/* Begin PBXResourcesBuildPhase section */
		977ECFD181534B89A4FD6DB6 /* Resources */ = {
			isa = PBXResourcesBuildPhase;
			buildActionMask = 2147483647;
			files = (
				2ACCAAC36EA5468998428B73 /* Assets.xcassets in Resources */,
			);
			runOnlyForDeploymentPostprocessing = 0;
		};
/* End PBXResourcesBuildPhase section */

/* Begin PBXSourcesBuildPhase section */
		82DBB4C700EC41478580F591 /* Sources */ = {
			isa = PBXSourcesBuildPhase;
			buildActionMask = 2147483647;
			files = (
				0C489D06D649421680AD66D7 /* KimiBarApp.swift in Sources */,
				FFAC0CE5E70E4F17AAD3B902 /* KimiQuotaService.swift in Sources */,
			);
			runOnlyForDeploymentPostprocessing = 0;
		};
/* End PBXSourcesBuildPhase section */

/* Begin XCBuildConfiguration section */
		F1F285C372544E229FABB4D2 /* Debug */ = {
			isa = XCBuildConfiguration;
			buildSettings = {
				ALWAYS_SEARCH_USER_PATHS = NO;
				ASSETCATALOG_COMPILER_GENERATE_SWIFT_ASSET_SYMBOL_EXTENSIONS = YES;
				CLANG_ANALYZER_NONNULL = YES;
				CLANG_CXX_LANGUAGE_STANDARD = "gnu++20";
				CLANG_ENABLE_MODULES = YES;
				CLANG_ENABLE_OBJC_ARC = YES;
				COPY_PHASE_STRIP = NO;
				DEBUG_INFORMATION_FORMAT = dwarf;
				ENABLE_STRICT_OBJC_MSGSEND = YES;
				ENABLE_USER_SCRIPT_SANDBOXING = NO;
				GCC_C_LANGUAGE_STANDARD = gnu17;
				GCC_DYNAMIC_NO_PIC = NO;
				GCC_NO_COMMON_BLOCKS = YES;
				GCC_OPTIMIZATION_LEVEL = 0;
				GCC_PREPROCESSOR_DEFINITIONS = (
					"DEBUG=1",
					"$(inherited)",
				);
				GCC_WARN_64_TO_32_BIT_CONVERSION = YES;
				GCC_WARN_ABOUT_RETURN_TYPE = YES_ERROR;
				GCC_WARN_UNDECLARED_SELECTOR = YES;
				GCC_WARN_UNINITIALIZED_AUTOSAR = YES_AGGRESSIVE;
				GCC_WARN_UNUSED_FUNCTION = YES;
				GCC_WARN_UNUSED_VARIABLE = YES;
				LOCALIZATION_PREFERS_STRING_CATALOGS = YES;
				MACOSX_DEPLOYMENT_TARGET = 14.0;
				MTL_ENABLE_DEBUG_INFO = INCLUDE_SOURCE;
				MTL_FAST_MATH = YES;
				ONLY_ACTIVE_ARCH = YES;
				SDKROOT = macosx;
				SWIFT_ACTIVE_COMPILATION_CONDITIONS = "DEBUG $(inherited)";
				SWIFT_OPTIMIZATION_LEVEL = "-Onone";
			};
			name = Debug;
		};
		DAEEA2C5D03D45FC8C820719 /* Release */ = {
			isa = XCBuildConfiguration;
			buildSettings = {
				ALWAYS_SEARCH_USER_PATHS = NO;
				ASSETCATALOG_COMPILER_GENERATE_SWIFT_ASSET_SYMBOL_EXTENSIONS = YES;
				CLANG_ANALYZER_NONNULL = YES;
				CLANG_CXX_LANGUAGE_STANDARD = "gnu++20";
				CLANG_ENABLE_MODULES = YES;
				CLANG_ENABLE_OBJC_ARC = YES;
				COPY_PHASE_STRIP = NO;
				DEBUG_INFORMATION_FORMAT = "dwarf-with-dsym";
				ENABLE_NS_ASSERTIONS = NO;
				ENABLE_STRICT_OBJC_MSGSEND = YES;
				ENABLE_USER_SCRIPT_SANDBOXING = NO;
				GCC_C_LANGUAGE_STANDARD = gnu17;
				GCC_NO_COMMON_BLOCKS = YES;
				GCC_WARN_64_TO_32_BIT_CONVERSION = YES;
				GCC_WARN_ABOUT_RETURN_TYPE = YES_ERROR;
				GCC_WARN_UNDECLARED_SELECTOR = YES;
				GCC_WARN_UNINITIALIZED_AUTOSAR = YES_AGGRESSIVE;
				GCC_WARN_UNUSED_FUNCTION = YES;
				GCC_WARN_UNUSED_VARIABLE = YES;
				LOCALIZATION_PREFERS_STRING_CATALOGS = YES;
				MACOSX_DEPLOYMENT_TARGET = 14.0;
				MTL_ENABLE_DEBUG_INFO = NO;
				MTL_FAST_MATH = YES;
				SDKROOT = macosx;
				SWIFT_COMPILATION_MODE = wholemodule;
			};
			name = Release;
		};
		A3AD12A0E261486EA1E61006 /* Debug */ = {
			isa = XCBuildConfiguration;
			buildSettings = {
				ASSETCATALOG_COMPILER_APPICON_NAME = AppIcon;
				ASSETCATALOG_COMPILER_GLOBAL_ACCENT_COLOR_NAME = AccentColor;
				CODE_SIGN_ENTITLEMENTS = KimiBar/KimiBar.entitlements;
				CODE_SIGN_STYLE = Automatic;
				COMBINE_HIDPI_IMAGES = YES;
				CURRENT_PROJECT_VERSION = 1;
				DEVELOPMENT_ASSET_PATHS = "";
				ENABLE_APP_INTENTS = NO;
				ENABLE_PREVIEWS = YES;
				GENERATE_APP_INTENTS_SWIFT_CODE = NO;
				GENERATE_INFOPLIST_FILE = NO;
				INFOPLIST_FILE = KimiBar/Info.plist;
				INFOPLIST_KEY_LSApplicationCategoryType = "public.app-category.utilities";
				INFOPLIST_KEY_NSHumanReadableCopyright = "";
				LD_RUNPATH_SEARCH_PATHS = (
					"$(inherited)",
					"@executable_path/../Frameworks",
				);
				MARKETING_VERSION = 1.0;
				PRODUCT_BUNDLE_IDENTIFIER = com.getlong.KimiBar;
				PRODUCT_NAME = "$(TARGET_NAME)";
				SWIFT_EMIT_LOC_STRINGS = YES;
				SWIFT_VERSION = 5.0;
			};
			name = Debug;
		};
		9597893A2DD1474881E9922A /* Release */ = {
			isa = XCBuildConfiguration;
			buildSettings = {
				ASSETCATALOG_COMPILER_APPICON_NAME = AppIcon;
				ASSETCATALOG_COMPILER_GLOBAL_ACCENT_COLOR_NAME = AccentColor;
				CODE_SIGN_ENTITLEMENTS = KimiBar/KimiBar.entitlements;
				CODE_SIGN_STYLE = Automatic;
				COMBINE_HIDPI_IMAGES = YES;
				CURRENT_PROJECT_VERSION = 1;
				DEVELOPMENT_ASSET_PATHS = "";
				ENABLE_APP_INTENTS = NO;
				ENABLE_PREVIEWS = YES;
				GENERATE_APP_INTENTS_SWIFT_CODE = NO;
				GENERATE_INFOPLIST_FILE = NO;
				INFOPLIST_FILE = KimiBar/Info.plist;
				INFOPLIST_KEY_LSApplicationCategoryType = "public.app-category.utilities";
				INFOPLIST_KEY_NSHumanReadableCopyright = "";
				LD_RUNPATH_SEARCH_PATHS = (
					"$(inherited)",
					"@executable_path/../Frameworks",
				);
				MARKETING_VERSION = 1.0;
				PRODUCT_BUNDLE_IDENTIFIER = com.getlong.KimiBar;
				PRODUCT_NAME = "$(TARGET_NAME)";
				SWIFT_EMIT_LOC_STRINGS = YES;
				SWIFT_VERSION = 5.0;
			};
			name = Release;
		};
/* End XCBuildConfiguration section */

/* Begin XCConfigurationList section */
		D40F24D8F5FB4F7683A3287B /* Build configuration list for PBXProject "KimiBar" */ = {
			isa = XCConfigurationList;
			buildConfigurations = (
				F1F285C372544E229FABB4D2 /* Debug */,
				DAEEA2C5D03D45FC8C820719 /* Release */,
			);
			defaultConfigurationIsVisible = 0;
			defaultConfigurationName = Release;
		};
		AC7D9800D5E645389FC3B470 /* Build configuration list for PBXNativeTarget "KimiBar" */ = {
			isa = XCConfigurationList;
			buildConfigurations = (
				A3AD12A0E261486EA1E61006 /* Debug */,
				9597893A2DD1474881E9922A /* Release */,
			);
			defaultConfigurationIsVisible = 0;
			defaultConfigurationName = Release;
		};
/* End XCConfigurationList section */
	};
	rootObject = 976A923F548E4143AD3AEC4D /* Project object */;
}
