// !$*UTF8*$!
{
	archiveVersion = 1;
	classes = {
	};
	objectVersion = 56;
	objects = {

/* Begin PBXBuildFile section */
		0C489D06D649421680AD66D7 /* KimiCodeBarApp.swift in Sources */ = {isa = PBXBuildFile; fileRef = 2EF9AB1130A844A89CE0075C /* KimiCodeBarApp.swift */; };
		2ACCAAC36EA5468998428B73 /* Assets.xcassets in Resources */ = {isa = PBXBuildFile; fileRef = 510792D7AE86479585E4504C /* Assets.xcassets */; };
		4f9dbf90dffc49ad85242801801d170f /* KimiWebLaunchAgentManager.swift in Sources */ = {isa = PBXBuildFile; fileRef = c68dac1893a64de08b00b18830c9deba /* KimiWebLaunchAgentManager.swift */; };
		5495A4989471440499609844857244DC /* KimiArchiveManager.swift in Sources */ = {isa = PBXBuildFile; fileRef = E3B0FB687D9C4B9EB604A1EDB57506EC /* KimiArchiveManager.swift */; };
		71B3F9A2C4D84E5B0F1A6C8D /* KimiOAuthService.swift in Sources */ = {isa = PBXBuildFile; fileRef = 9E4D2C7B1A5F48E3B6D09A21 /* KimiOAuthService.swift */; };
		7A11B22C33D44E55F660123A /* LanguageManager.swift in Sources */ = {isa = PBXBuildFile; fileRef = 7A11B22C33D44E55F660123B /* LanguageManager.swift */; };
		7A11B22C33D44E55F660123C /* Localizable.xcstrings in Resources */ = {isa = PBXBuildFile; fileRef = 7A11B22C33D44E55F660123D /* Localizable.xcstrings */; };
		B9C4D489692D416CA7616C08D907965F /* SparkleUpdater.swift in Sources */ = {isa = PBXBuildFile; fileRef = 528728E8E55940FC93765F944AFE050F /* SparkleUpdater.swift */; };
		C3C950D6204C47819C0011560E684C68 /* ArchiveSettingsView.swift in Sources */ = {isa = PBXBuildFile; fileRef = D072D603E59C42A791F3136E0477FE56 /* ArchiveSettingsView.swift */; };
		FF4EC20D71184E45B29FFDB3C8BC6524 /* Sparkle in Frameworks */ = {isa = PBXBuildFile; productRef = 35A4DA7EE8214A199549CDB1B5E1C570 /* Sparkle */; };
		FFAC0CE5E70E4F17AAD3B902 /* KimiCodeBarQuotaService.swift in Sources */ = {isa = PBXBuildFile; fileRef = 02F47923DD8C405BB3237AE1 /* KimiCodeBarQuotaService.swift */; };
		7B1CA15E00000000000000000000A1 /* KimiLocalUsage.swift in Sources */ = {isa = PBXBuildFile; fileRef = 7B1CA15E00000000000000000000A2 /* KimiLocalUsage.swift */; };
/* End PBXBuildFile section */

/* Begin PBXFileReference section */
		02F47923DD8C405BB3237AE1 /* KimiCodeBarQuotaService.swift */ = {isa = PBXFileReference; lastKnownFileType = sourcecode.swift; path = KimiCodeBarQuotaService.swift; sourceTree = "<group>"; };
		2EF9AB1130A844A89CE0075C /* KimiCodeBarApp.swift */ = {isa = PBXFileReference; lastKnownFileType = sourcecode.swift; path = KimiCodeBarApp.swift; sourceTree = "<group>"; };
		510792D7AE86479585E4504C /* Assets.xcassets */ = {isa = PBXFileReference; lastKnownFileType = folder.assetcatalog; path = Assets.xcassets; sourceTree = "<group>"; };
		528728E8E55940FC93765F944AFE050F /* SparkleUpdater.swift */ = {isa = PBXFileReference; lastKnownFileType = sourcecode.swift; path = SparkleUpdater.swift; sourceTree = "<group>"; };
		7A11B22C33D44E55F660123B /* LanguageManager.swift */ = {isa = PBXFileReference; lastKnownFileType = sourcecode.swift; path = LanguageManager.swift; sourceTree = "<group>"; };
		7A11B22C33D44E55F660123D /* Localizable.xcstrings */ = {isa = PBXFileReference; lastKnownFileType = text.json.xcstrings; path = Localizable.xcstrings; sourceTree = "<group>"; };
		7D9C37304A73482ABB4CDE4D /* KimiCodeBar.entitlements */ = {isa = PBXFileReference; lastKnownFileType = text.plist.entitlements; path = KimiCodeBar.entitlements; sourceTree = "<group>"; };
		9E4D2C7B1A5F48E3B6D09A21 /* KimiOAuthService.swift */ = {isa = PBXFileReference; lastKnownFileType = sourcecode.swift; path = KimiOAuthService.swift; sourceTree = "<group>"; };
		D072D603E59C42A791F3136E0477FE56 /* ArchiveSettingsView.swift */ = {isa = PBXFileReference; lastKnownFileType = sourcecode.swift; path = ArchiveSettingsView.swift; sourceTree = "<group>"; };
		D44CECE74D174CC298CE6FE7 /* KimiCodeBar.app */ = {isa = PBXFileReference; explicitFileType = wrapper.application; includeInIndex = 0; path = KimiCodeBar.app; sourceTree = BUILT_PRODUCTS_DIR; };
		E3B0FB687D9C4B9EB604A1EDB57506EC /* KimiArchiveManager.swift */ = {isa = PBXFileReference; lastKnownFileType = sourcecode.swift; path = KimiArchiveManager.swift; sourceTree = "<group>"; };
		EA0ACF1E9B564B769FE86518 /* Info.plist */ = {isa = PBXFileReference; lastKnownFileType = text.plist.xml; path = Info.plist; sourceTree = "<group>"; };
		c68dac1893a64de08b00b18830c9deba /* KimiWebLaunchAgentManager.swift */ = {isa = PBXFileReference; lastKnownFileType = sourcecode.swift; path = KimiWebLaunchAgentManager.swift; sourceTree = "<group>"; };
		7B1CA15E00000000000000000000A2 /* KimiLocalUsage.swift */ = {isa = PBXFileReference; lastKnownFileType = sourcecode.swift; path = KimiLocalUsage.swift; sourceTree = "<group>"; };
/* End PBXFileReference section */

/* Begin PBXFrameworksBuildPhase section */
		4988CB45C5AA4BAB847B68FA /* Frameworks */ = {
			isa = PBXFrameworksBuildPhase;
			buildActionMask = 2147483647;
			files = (
				FF4EC20D71184E45B29FFDB3C8BC6524 /* Sparkle in Frameworks */,
			);
			runOnlyForDeploymentPostprocessing = 0;
		};
/* End PBXFrameworksBuildPhase section */

/* Begin PBXGroup section */
		6456A76DE5E141ED86925025 /* Products */ = {
			isa = PBXGroup;
			children = (
				D44CECE74D174CC298CE6FE7 /* KimiCodeBar.app */,
			);
			name = Products;
			sourceTree = "<group>";
		};
		939F3BDDAEAC498B9399A2EA = {
			isa = PBXGroup;
			children = (
				C7D94F1C4BCD423B99040DED /* KimiCodeBar */,
				6456A76DE5E141ED86925025 /* Products */,
			);
			sourceTree = "<group>";
		};
		C7D94F1C4BCD423B99040DED /* KimiCodeBar */ = {
			isa = PBXGroup;
			children = (
				2EF9AB1130A844A89CE0075C /* KimiCodeBarApp.swift */,
				528728E8E55940FC93765F944AFE050F /* SparkleUpdater.swift */,
				7B1CA15E00000000000000000000A2 /* KimiLocalUsage.swift */,
				c68dac1893a64de08b00b18830c9deba /* KimiWebLaunchAgentManager.swift */,
				02F47923DD8C405BB3237AE1 /* KimiCodeBarQuotaService.swift */,
				9E4D2C7B1A5F48E3B6D09A21 /* KimiOAuthService.swift */,
				E3B0FB687D9C4B9EB604A1EDB57506EC /* KimiArchiveManager.swift */,
				D072D603E59C42A791F3136E0477FE56 /* ArchiveSettingsView.swift */,
				7A11B22C33D44E55F660123B /* LanguageManager.swift */,
				510792D7AE86479585E4504C /* Assets.xcassets */,
				7A11B22C33D44E55F660123D /* Localizable.xcstrings */,
				7D9C37304A73482ABB4CDE4D /* KimiCodeBar.entitlements */,
				EA0ACF1E9B564B769FE86518 /* Info.plist */,
			);
			path = KimiCodeBar;
			sourceTree = "<group>";
		};
/* End PBXGroup section */

/* Begin PBXNativeTarget section */
		F29D4863FB954CEFB39AB0F9 /* KimiCodeBar */ = {
			isa = PBXNativeTarget;
			buildConfigurationList = AC7D9800D5E645389FC3B470 /* Build configuration list for PBXNativeTarget "KimiCodeBar" */;
			buildPhases = (
				82DBB4C700EC41478580F591 /* Sources */,
				4988CB45C5AA4BAB847B68FA /* Frameworks */,
				977ECFD181534B89A4FD6DB6 /* Resources */,
			);
			buildRules = (
			);
			dependencies = (
			);
			name = KimiCodeBar;
			productName = KimiCodeBar;
			productReference = D44CECE74D174CC298CE6FE7 /* KimiCodeBar.app */;
			productType = "com.apple.product-type.application";
		};
/* End PBXNativeTarget section */

/* Begin PBXProject section */
		976A923F548E4143AD3AEC4D /* Project object */ = {
			isa = PBXProject;
			attributes = {
				BuildIndependentTargetsInParallel = 1;
				LastSwiftUpdateCheck = 1540;
				LastUpgradeCheck = 1540;
				TargetAttributes = {
					F29D4863FB954CEFB39AB0F9 = {
						CreatedOnToolsVersion = 15.4;
					};
				};
			};
			buildConfigurationList = D40F24D8F5FB4F7683A3287B /* Build configuration list for PBXProject "KimiCodeBar" */;
			compatibilityVersion = "Xcode 14.0";
			developmentRegion = zhCN;
			hasScannedForEncodings = 0;
			knownRegions = (
				en,
				Base,
				zhCN,
			);
			mainGroup = 939F3BDDAEAC498B9399A2EA;
			packageReferences = (
				CFBD431D99764221B5DC5A75AE37FE46 /* XCRemoteSwiftPackageReference "Sparkle" */,
			);
			productRefGroup = 6456A76DE5E141ED86925025 /* Products */;
			projectDirPath = "";
			projectRoot = "";
			targets = (
				F29D4863FB954CEFB39AB0F9 /* KimiCodeBar */,
			);
		};
/* End PBXProject section */

/* Begin PBXResourcesBuildPhase section */
		977ECFD181534B89A4FD6DB6 /* Resources */ = {
			isa = PBXResourcesBuildPhase;
			buildActionMask = 2147483647;
			files = (
				2ACCAAC36EA5468998428B73 /* Assets.xcassets in Resources */,
				7A11B22C33D44E55F660123C /* Localizable.xcstrings in Resources */,
			);
			runOnlyForDeploymentPostprocessing = 0;
		};
/* End PBXResourcesBuildPhase section */

/* Begin PBXSourcesBuildPhase section */
		82DBB4C700EC41478580F591 /* Sources */ = {
			isa = PBXSourcesBuildPhase;
			buildActionMask = 2147483647;
			files = (
				B9C4D489692D416CA7616C08D907965F /* SparkleUpdater.swift in Sources */,
				7B1CA15E00000000000000000000A1 /* KimiLocalUsage.swift in Sources */,
				0C489D06D649421680AD66D7 /* KimiCodeBarApp.swift in Sources */,
				4f9dbf90dffc49ad85242801801d170f /* KimiWebLaunchAgentManager.swift in Sources */,
				FFAC0CE5E70E4F17AAD3B902 /* KimiCodeBarQuotaService.swift in Sources */,
				71B3F9A2C4D84E5B0F1A6C8D /* KimiOAuthService.swift in Sources */,
				5495A4989471440499609844857244DC /* KimiArchiveManager.swift in Sources */,
				C3C950D6204C47819C0011560E684C68 /* ArchiveSettingsView.swift in Sources */,
				7A11B22C33D44E55F660123A /* LanguageManager.swift in Sources */,
			);
			runOnlyForDeploymentPostprocessing = 0;
		};
/* End PBXSourcesBuildPhase section */

/* Begin XCBuildConfiguration section */
		9597893A2DD1474881E9922A /* Release */ = {
			isa = XCBuildConfiguration;
			buildSettings = {
				ASSETCATALOG_COMPILER_APPICON_NAME = AppIcon;
				ASSETCATALOG_COMPILER_GLOBAL_ACCENT_COLOR_NAME = AccentColor;
				CODE_SIGN_ENTITLEMENTS = KimiCodeBar/KimiCodeBar.entitlements;
				CODE_SIGN_STYLE = Automatic;
				COMBINE_HIDPI_IMAGES = YES;
				CURRENT_PROJECT_VERSION = 1;
				DEVELOPMENT_ASSET_PATHS = "";
				ENABLE_APP_INTENTS = NO;
				ENABLE_HARDENED_RUNTIME = YES;
				ENABLE_PREVIEWS = YES;
				GENERATE_APP_INTENTS_SWIFT_CODE = NO;
				GENERATE_INFOPLIST_FILE = NO;
				INFOPLIST_FILE = KimiCodeBar/Info.plist;
				INFOPLIST_KEY_LSApplicationCategoryType = "public.app-category.utilities";
				INFOPLIST_KEY_NSHumanReadableCopyright = "";
				LD_RUNPATH_SEARCH_PATHS = (
					"$(inherited)",
					"@executable_path/../Frameworks",
				);
				MARKETING_VERSION = 1.1.3;
				PRODUCT_BUNDLE_IDENTIFIER = com.kimicodebar.app;
				PRODUCT_NAME = "$(TARGET_NAME)";
				SWIFT_EMIT_LOC_STRINGS = YES;
				SWIFT_VERSION = 5.0;
			};
			name = Release;
		};
		A3AD12A0E261486EA1E61006 /* Debug */ = {
			isa = XCBuildConfiguration;
			buildSettings = {
				ASSETCATALOG_COMPILER_APPICON_NAME = AppIcon;
				ASSETCATALOG_COMPILER_GLOBAL_ACCENT_COLOR_NAME = AccentColor;
				CODE_SIGN_ENTITLEMENTS = KimiCodeBar/KimiCodeBar.entitlements;
				CODE_SIGN_STYLE = Automatic;
				COMBINE_HIDPI_IMAGES = YES;
				CURRENT_PROJECT_VERSION = 1;
				DEVELOPMENT_ASSET_PATHS = "";
				ENABLE_APP_INTENTS = NO;
				ENABLE_HARDENED_RUNTIME = YES;
				ENABLE_PREVIEWS = YES;
				GENERATE_APP_INTENTS_SWIFT_CODE = NO;
				GENERATE_INFOPLIST_FILE = NO;
				INFOPLIST_FILE = KimiCodeBar/Info.plist;
				INFOPLIST_KEY_LSApplicationCategoryType = "public.app-category.utilities";
				INFOPLIST_KEY_NSHumanReadableCopyright = "";
				LD_RUNPATH_SEARCH_PATHS = (
					"$(inherited)",
					"@executable_path/../Frameworks",
				);
				MARKETING_VERSION = 1.1.3;
				PRODUCT_BUNDLE_IDENTIFIER = com.kimicodebar.app;
				PRODUCT_NAME = "$(TARGET_NAME)";
				SWIFT_EMIT_LOC_STRINGS = YES;
				SWIFT_VERSION = 5.0;
			};
			name = Debug;
		};
		DAEEA2C5D03D45FC8C820719 /* Release */ = {
			isa = XCBuildConfiguration;
			buildSettings = {
				ALWAYS_SEARCH_USER_PATHS = NO;
				ASSETCATALOG_COMPILER_GENERATE_SWIFT_ASSET_SYMBOL_EXTENSIONS = YES;
				CLANG_ANALYZER_NONNULL = YES;
				CLANG_CXX_LANGUAGE_STANDARD = "gnu++20";
				CLANG_ENABLE_MODULES = YES;
				CLANG_ENABLE_OBJC_ARC = YES;
				COPY_PHASE_STRIP = NO;
				DEBUG_INFORMATION_FORMAT = "dwarf-with-dsym";
				ENABLE_NS_ASSERTIONS = NO;
				ENABLE_STRICT_OBJC_MSGSEND = YES;
				ENABLE_USER_SCRIPT_SANDBOXING = NO;
				GCC_C_LANGUAGE_STANDARD = gnu17;
				GCC_NO_COMMON_BLOCKS = YES;
				GCC_WARN_64_TO_32_BIT_CONVERSION = YES;
				GCC_WARN_ABOUT_RETURN_TYPE = YES_ERROR;
				GCC_WARN_UNDECLARED_SELECTOR = YES;
				GCC_WARN_UNINITIALIZED_AUTOSAR = YES_AGGRESSIVE;
				GCC_WARN_UNUSED_FUNCTION = YES;
				GCC_WARN_UNUSED_VARIABLE = YES;
				LOCALIZATION_PREFERS_STRING_CATALOGS = YES;
				MACOSX_DEPLOYMENT_TARGET = 14.0;
				MTL_ENABLE_DEBUG_INFO = NO;
				MTL_FAST_MATH = YES;
				SDKROOT = macosx;
				SWIFT_COMPILATION_MODE = wholemodule;
			};
			name = Release;
		};
		F1F285C372544E229FABB4D2 /* Debug */ = {
			isa = XCBuildConfiguration;
			buildSettings = {
				ALWAYS_SEARCH_USER_PATHS = NO;
				ASSETCATALOG_COMPILER_GENERATE_SWIFT_ASSET_SYMBOL_EXTENSIONS = YES;
				CLANG_ANALYZER_NONNULL = YES;
				CLANG_CXX_LANGUAGE_STANDARD = "gnu++20";
				CLANG_ENABLE_MODULES = YES;
				CLANG_ENABLE_OBJC_ARC = YES;
				COPY_PHASE_STRIP = NO;
				DEBUG_INFORMATION_FORMAT = dwarf;
				ENABLE_STRICT_OBJC_MSGSEND = YES;
				ENABLE_USER_SCRIPT_SANDBOXING = NO;
				GCC_C_LANGUAGE_STANDARD = gnu17;
				GCC_DYNAMIC_NO_PIC = NO;
				GCC_NO_COMMON_BLOCKS = YES;
				GCC_OPTIMIZATION_LEVEL = 0;
				GCC_PREPROCESSOR_DEFINITIONS = (
					"DEBUG=1",
					"$(inherited)",
				);
				GCC_WARN_64_TO_32_BIT_CONVERSION = YES;
				GCC_WARN_ABOUT_RETURN_TYPE = YES_ERROR;
				GCC_WARN_UNDECLARED_SELECTOR = YES;
				GCC_WARN_UNINITIALIZED_AUTOSAR = YES_AGGRESSIVE;
				GCC_WARN_UNUSED_FUNCTION = YES;
				GCC_WARN_UNUSED_VARIABLE = YES;
				LOCALIZATION_PREFERS_STRING_CATALOGS = YES;
				MACOSX_DEPLOYMENT_TARGET = 14.0;
				MTL_ENABLE_DEBUG_INFO = INCLUDE_SOURCE;
				MTL_FAST_MATH = YES;
				ONLY_ACTIVE_ARCH = YES;
				SDKROOT = macosx;
				SWIFT_ACTIVE_COMPILATION_CONDITIONS = "DEBUG $(inherited)";
				SWIFT_OPTIMIZATION_LEVEL = "-Onone";
			};
			name = Debug;
		};
/* End XCBuildConfiguration section */

/* Begin XCConfigurationList section */
		AC7D9800D5E645389FC3B470 /* Build configuration list for PBXNativeTarget "KimiCodeBar" */ = {
			isa = XCConfigurationList;
			buildConfigurations = (
				A3AD12A0E261486EA1E61006 /* Debug */,
				9597893A2DD1474881E9922A /* Release */,
			);
			defaultConfigurationIsVisible = 0;
			defaultConfigurationName = Release;
		};
		D40F24D8F5FB4F7683A3287B /* Build configuration list for PBXProject "KimiCodeBar" */ = {
			isa = XCConfigurationList;
			buildConfigurations = (
				F1F285C372544E229FABB4D2 /* Debug */,
				DAEEA2C5D03D45FC8C820719 /* Release */,
			);
			defaultConfigurationIsVisible = 0;
			defaultConfigurationName = Release;
		};
/* End XCConfigurationList section */

/* Begin XCRemoteSwiftPackageReference section */
		CFBD431D99764221B5DC5A75AE37FE46 /* XCRemoteSwiftPackageReference "Sparkle" */ = {
			isa = XCRemoteSwiftPackageReference;
			repositoryURL = "https://github.com/sparkle-project/Sparkle";
			requirement = {
				kind = upToNextMajorVersion;
				minimumVersion = 2.6.4;
			};
		};
/* End XCRemoteSwiftPackageReference section */

/* Begin XCSwiftPackageProductDependency section */
		35A4DA7EE8214A199549CDB1B5E1C570 /* Sparkle */ = {
			isa = XCSwiftPackageProductDependency;
			package = CFBD431D99764221B5DC5A75AE37FE46 /* XCRemoteSwiftPackageReference "Sparkle" */;
			productName = Sparkle;
		};
/* End XCSwiftPackageProductDependency section */
	};
	rootObject = 976A923F548E4143AD3AEC4D /* Project object */;
}
